{
  "nodes": {
    "eden": {
      "inputs": {
        "flake-utils": "flake-utils",
        "nixpkgs": [
          "nixpkgs"
        ]
      },
      "locked": {
        "lastModified": 1764197951,
        "narHash": "sha256-xsPPlkgEjg4efdy5L4VYqv4x0GXrDHTI4OyNo37fYnQ=",
        "owner": "matthewcroughan",
        "repo": "eden-flake",
        "rev": "c477331273803b2361fbf8f905a0b678f11e3dc0",
        "type": "github"
      },
      "original": {
        "owner": "matthewcroughan",
        "repo": "eden-flake",
        "type": "github"
      }
    },
    "flake-parts": {
      "inputs": {
        "nixpkgs-lib": "nixpkgs-lib"
      },
      "locked": {
        "lastModified": 1765835352,
        "narHash": "sha256-XswHlK/Qtjasvhd1nOa1e8MgZ8GS//jBoTqWtrS1Giw=",
        "owner": "hercules-ci",
        "repo": "flake-parts",
        "rev": "a34fae9c08a15ad73f295041fec82323541400a9",
        "type": "github"
      },
      "original": {
        "owner": "hercules-ci",
        "repo": "flake-parts",
        "type": "github"
      }
    },
    "flake-utils": {
      "inputs": {
        "systems": "systems"
      },
      "locked": {
        "lastModified": 1731533236,
        "narHash": "sha256-l0KFg5HjrsfsO/JpG+r7fRrqm12kzFHyUHqHCVpMMbI=",
        "owner": "numtide",
        "repo": "flake-utils",
        "rev": "11707dc2f618dd54ca8739b309ec4fc024de578b",
        "type": "github"
      },
      "original": {
        "owner": "numtide",
        "repo": "flake-utils",
        "type": "github"
      }
    },
    "linux": {
      "flake": false,
      "locked": {
        "lastModified": 1765878339,
        "narHash": "sha256-x7Ng5AP+kYwtCtB53pYxSR3r2l6bCxQiEmVfa5uC+5E=",
        "owner": "sc7280-mainline",
        "repo": "linux",
        "rev": "c993730246cef36c69a303fc0bd57563d2e15444",
        "type": "github"
      },
      "original": {
        "owner": "sc7280-mainline",
        "ref": "sc7280-6.18.y",
        "repo": "linux",
        "type": "github"
      }
    },
    "nixpkgs": {
      "locked": {
        "lastModified": 1767097962,
        "narHash": "sha256-cCeYQrPEPDSfEII5wNRFVKAFU6TcNtCcKBGCwOVrLSs=",
        "owner": "nixos",
        "repo": "nixpkgs",
        "rev": "8dddedb986f0d6f04a1aa65494bbc2d2987ac0ee",
        "type": "github"
      },
      "original": {
        "owner": "nixos",
        "ref": "master",
        "repo": "nixpkgs",
        "type": "github"
      }
    },
    "nixpkgs-lib": {
      "locked": {
        "lastModified": 1765674936,
        "narHash": "sha256-k00uTP4JNfmejrCLJOwdObYC9jHRrr/5M/a/8L2EIdo=",
        "owner": "nix-community",
        "repo": "nixpkgs.lib",
        "rev": "2075416fcb47225d9b68ac469a5c4801a9c4dd85",
        "type": "github"
      },
      "original": {
        "owner": "nix-community",
        "repo": "nixpkgs.lib",
        "type": "github"
      }
    },
    "root": {
      "inputs": {
        "eden": "eden",
        "flake-parts": "flake-parts",
        "linux": "linux",
        "nixpkgs": "nixpkgs",
        "uboot": "uboot"
      }
    },
    "systems": {
      "locked": {
        "lastModified": 1681028828,
        "narHash": "sha256-Vy1rq5AaRuLzOxct8nz4T6wlgyUR7zLU309k9mBC768=",
        "owner": "nix-systems",
        "repo": "default",
        "rev": "da67096a3b9bf56a91d16901293e51ba5b49a27e",
        "type": "github"
      },
      "original": {
        "owner": "nix-systems",
        "repo": "default",
        "type": "github"
      }
    },
    "uboot": {
      "flake": false,
      "locked": {
        "lastModified": 1766510257,
        "narHash": "sha256-5cNLxxkPjYDD90n/LO2UxDTvOhZPAhW4BLW8+tbLd0g=",
        "owner": "u-boot",
        "repo": "u-boot",
        "rev": "56cac250b0839ddbad1311d3ca4231f532b5aadf",
        "type": "github"
      },
      "original": {
        "owner": "u-boot",
        "repo": "u-boot",
        "type": "github"
      }
    }
  },
  "root": "root",
  "version": 7
}
