{
  "nodes": {
    "flake-parts": {
      "inputs": {
        "nixpkgs-lib": "nixpkgs-lib"
      },
      "locked": {
        "lastModified": 1762440070,
        "narHash": "sha256-xxdepIcb39UJ94+YydGP221rjnpkDZUlykKuF54PsqI=",
        "owner": "hercules-ci",
        "repo": "flake-parts",
        "rev": "26d05891e14c88eb4a5d5bee659c0db5afb609d8",
        "type": "github"
      },
      "original": {
        "owner": "hercules-ci",
        "repo": "flake-parts",
        "type": "github"
      }
    },
    "linux": {
      "flake": false,
      "locked": {
        "lastModified": 1762842193,
        "narHash": "sha256-lp1a8NcrLtRCwffbkxyg9SeEGUGWrPPRB6rszlg3mvs=",
        "ref": "refs/heads/xreal-attempt-24",
        "rev": "b9631fc771c93b4f510a681152c264edd06f1f4c",
        "revCount": 1397682,
        "type": "git",
        "url": "file:/home/matthew/git/linux"
      },
      "original": {
        "type": "git",
        "url": "file:/home/matthew/git/linux"
      }
    },
    "nixpkgs": {
      "locked": {
        "lastModified": 1762596750,
        "narHash": "sha256-rXXuz51Bq7DHBlfIjN7jO8Bu3du5TV+3DSADBX7/9YQ=",
        "owner": "nixos",
        "repo": "nixpkgs",
        "rev": "b6a8526db03f735b89dd5ff348f53f752e7ddc8e",
        "type": "github"
      },
      "original": {
        "owner": "nixos",
        "ref": "nixos-unstable",
        "repo": "nixpkgs",
        "type": "github"
      }
    },
    "nixpkgs-lib": {
      "locked": {
        "lastModified": 1761765539,
        "narHash": "sha256-b0yj6kfvO8ApcSE+QmA6mUfu8IYG6/uU28OFn4PaC8M=",
        "owner": "nix-community",
        "repo": "nixpkgs.lib",
        "rev": "719359f4562934ae99f5443f20aa06c2ffff91fc",
        "type": "github"
      },
      "original": {
        "owner": "nix-community",
        "repo": "nixpkgs.lib",
        "type": "github"
      }
    },
    "root": {
      "inputs": {
        "flake-parts": "flake-parts",
        "linux": "linux",
        "nixpkgs": "nixpkgs",
        "uboot": "uboot"
      }
    },
    "uboot": {
      "flake": false,
      "locked": {
        "lastModified": 1762795856,
        "narHash": "sha256-YnLmvn/niTd/39zXu/FECpGYSTZ3sVuN3Zv3mBWGAa0=",
        "owner": "u-boot",
        "repo": "u-boot",
        "rev": "365a7079fb918643da0f0709660a7d8ea76dd6f3",
        "type": "github"
      },
      "original": {
        "owner": "u-boot",
        "repo": "u-boot",
        "type": "github"
      }
    }
  },
  "root": "root",
  "version": 7
}
