{
  "nodes": {
    "flake-parts": {
      "inputs": {
        "nixpkgs-lib": "nixpkgs-lib"
      },
      "locked": {
        "lastModified": 1759362264,
        "narHash": "sha256-wfG0S7pltlYyZTM+qqlhJ7GMw2fTF4mLKCIVhLii/4M=",
        "owner": "hercules-ci",
        "repo": "flake-parts",
        "rev": "758cf7296bee11f1706a574c77d072b8a7baa881",
        "type": "github"
      },
      "original": {
        "owner": "hercules-ci",
        "repo": "flake-parts",
        "type": "github"
      }
    },
    "linux": {
      "flake": false,
      "locked": {
        "lastModified": 1761166940,
        "narHash": "sha256-tj0LjpYh6sfoYZS/tBd2DA2nSvfzz2GexZzqBY5dl4s=",
        "ref": "refs/heads/xreal-attempt-17",
        "rev": "05e6bfae27f5cf1bb120bc29368e5fc612b2a01d",
        "revCount": 1400545,
        "type": "git",
        "url": "file:/home/matthew/git/linux"
      },
      "original": {
        "type": "git",
        "url": "file:/home/matthew/git/linux"
      }
    },
    "nixpkgs": {
      "locked": {
        "lastModified": 1760746517,
        "narHash": "sha256-GI5em7LfQ2kcpaoxeJBcwjSTOqiNT3JPvtrqKFkedkk=",
        "owner": "nixos",
        "repo": "nixpkgs",
        "rev": "94e79f47bf029fdd1ea84ef456057952e85ee95f",
        "type": "github"
      },
      "original": {
        "owner": "nixos",
        "ref": "staging-next",
        "repo": "nixpkgs",
        "type": "github"
      }
    },
    "nixpkgs-lib": {
      "locked": {
        "lastModified": 1754788789,
        "narHash": "sha256-x2rJ+Ovzq0sCMpgfgGaaqgBSwY+LST+WbZ6TytnT9Rk=",
        "owner": "nix-community",
        "repo": "nixpkgs.lib",
        "rev": "a73b9c743612e4244d865a2fdee11865283c04e6",
        "type": "github"
      },
      "original": {
        "owner": "nix-community",
        "repo": "nixpkgs.lib",
        "type": "github"
      }
    },
    "root": {
      "inputs": {
        "flake-parts": "flake-parts",
        "linux": "linux",
        "nixpkgs": "nixpkgs"
      }
    }
  },
  "root": "root",
  "version": 7
}
